
Microsoft Visual Studio Solution File, Format Version 12.00
# Visual Studio Version 17
VisualStudioVersion = 17.6.33829.357
MinimumVisualStudioVersion = 10.0.40219.1
Project("{FAE04EC0-301F-11D3-BF4B-00C04F79EFBC}") = "GreetingAppp", "GreetingAppp\GreetingAppp.csproj", "{892F7913-361D-448E-B3DF-5CF980726E2B}"
EndProject
Global
	GlobalSection(SolutionConfigurationPlatforms) = preSolution
		Debug|Any CPU = Debug|Any CPU
		Release|Any CPU = Release|Any CPU
	EndGlobalSection
	GlobalSection(ProjectConfigurationPlatforms) = postSolution
		{892F7913-361D-448E-B3DF-5CF980726E2B}.Debug|Any CPU.ActiveCfg = Debug|Any CPU
		{892F7913-361D-448E-B3DF-5CF980726E2B}.Debug|Any CPU.Build.0 = Debug|Any CPU
		{892F7913-361D-448E-B3DF-5CF980726E2B}.Release|Any CPU.ActiveCfg = Release|Any CPU
		{892F7913-361D-448E-B3DF-5CF980726E2B}.Release|Any CPU.Build.0 = Release|Any CPU
	EndGlobalSection
	GlobalSection(SolutionProperties) = preSolution
		HideSolutionNode = FALSE
	EndGlobalSection
	GlobalSection(ExtensibilityGlobals) = postSolution
		SolutionGuid = {22C0622D-B0B4-45C4-98FD-C282E51D39D8}
	EndGlobalSection
EndGlobal
